PODS:
  - AuthModule (0.1.0)
  - R.swift (5.1.0):
    - R.swift.Library (~> 5.1.0)
  - R.swift.Library (5.1.0)
  - SwiftLint (0.39.1)

DEPENDENCIES:
  - AuthModule (from `https://github.com/MaxiJunkie/AuthModuleLibrary.git`, branch `dev`)
  - R.swift
  - SwiftLint

SPEC REPOS:
  trunk:
    - R.swift
    - R.swift.Library
    - SwiftLint

EXTERNAL SOURCES:
  AuthModule:
    :branch: dev
    :git: https://github.com/MaxiJunkie/AuthModuleLibrary.git

CHECKOUT OPTIONS:
  AuthModule:
    :commit: 9f9d803e2774a8a64381850367ead5d7bb57008a
    :git: https://github.com/MaxiJunkie/AuthModuleLibrary.git

SPEC CHECKSUMS:
  AuthModule: cc60e1f14332073af047f3dcb8a97facc2807a46
  R.swift: 8cbc4fc69b740305b6a17c8a8ed968eb788962d9
  R.swift.Library: fa85ce1e0d0b7e818cd9e080df910ba54d2776cc
  SwiftLint: 55e96a4a4d537d4a3156859fc1c54bd24851a046

PODFILE CHECKSUM: 88fa27d39c1ab98dacc4bbd8feb15cb393b2d893

COCOAPODS: 1.8.4
