// !$*UTF8*$!
{
	archiveVersion = 1;
	classes = {
	};
	objectVersion = 51;
	objects = {

/* Begin PBXBuildFile section */
		25B418C403990460636E9969 /* Pods_investmentsFintechTests.framework in Frameworks */ = {isa = PBXBuildFile; fileRef = C7194F03D33D5A9CB2B7AEDE /* Pods_investmentsFintechTests.framework */; };
		6925000223FE6E540008292D /* AppDelegate.swift in Sources */ = {isa = PBXBuildFile; fileRef = 6925000123FE6E540008292D /* AppDelegate.swift */; };
		6925000423FE6E540008292D /* SceneDelegate.swift in Sources */ = {isa = PBXBuildFile; fileRef = 6925000323FE6E540008292D /* SceneDelegate.swift */; };
		6925000623FE6E540008292D /* ViewController.swift in Sources */ = {isa = PBXBuildFile; fileRef = 6925000523FE6E540008292D /* ViewController.swift */; };
		6925000923FE6E540008292D /* Main.storyboard in Resources */ = {isa = PBXBuildFile; fileRef = 6925000723FE6E540008292D /* Main.storyboard */; };
		6925000B23FE6E580008292D /* Assets.xcassets in Resources */ = {isa = PBXBuildFile; fileRef = 6925000A23FE6E580008292D /* Assets.xcassets */; };
		6925000E23FE6E580008292D /* LaunchScreen.storyboard in Resources */ = {isa = PBXBuildFile; fileRef = 6925000C23FE6E580008292D /* LaunchScreen.storyboard */; };
		6925001923FE6E590008292D /* investmentsFintechTests.swift in Sources */ = {isa = PBXBuildFile; fileRef = 6925001823FE6E590008292D /* investmentsFintechTests.swift */; };
		6925002423FE6FF50008292D /* Rswift.framework in Frameworks */ = {isa = PBXBuildFile; fileRef = 6925002323FE6FF50008292D /* Rswift.framework */; };
		6925002523FE6FF50008292D /* Rswift.framework in Embed Frameworks */ = {isa = PBXBuildFile; fileRef = 6925002323FE6FF50008292D /* Rswift.framework */; settings = {ATTRIBUTES = (CodeSignOnCopy, RemoveHeadersOnCopy, ); }; };
		8D25D217CFAAB0652EC4817B /* Pods_investmentsFintech.framework in Frameworks */ = {isa = PBXBuildFile; fileRef = 9F35C4E14732C532FEDF46D1 /* Pods_investmentsFintech.framework */; };
/* End PBXBuildFile section */

/* Begin PBXContainerItemProxy section */
		6925001523FE6E590008292D /* PBXContainerItemProxy */ = {
			isa = PBXContainerItemProxy;
			containerPortal = 6925FFF623FE6E540008292D /* Project object */;
			proxyType = 1;
			remoteGlobalIDString = 6925FFFD23FE6E540008292D;
			remoteInfo = investmentsFintech;
		};
/* End PBXContainerItemProxy section */

/* Begin PBXCopyFilesBuildPhase section */
		6925002623FE6FF60008292D /* Embed Frameworks */ = {
			isa = PBXCopyFilesBuildPhase;
			buildActionMask = 2147483647;
			dstPath = "";
			dstSubfolderSpec = 10;
			files = (
				6925002523FE6FF50008292D /* Rswift.framework in Embed Frameworks */,
			);
			name = "Embed Frameworks";
			runOnlyForDeploymentPostprocessing = 0;
		};
/* End PBXCopyFilesBuildPhase section */

/* Begin PBXFileReference section */
		41B7BC26F55DA41C7819CB65 /* Pods-investmentsFintechTests.release.xcconfig */ = {isa = PBXFileReference; includeInIndex = 1; lastKnownFileType = text.xcconfig; name = "Pods-investmentsFintechTests.release.xcconfig"; path = "Target Support Files/Pods-investmentsFintechTests/Pods-investmentsFintechTests.release.xcconfig"; sourceTree = "<group>"; };
		565D55E8AC8AD73B22159597 /* Pods-investmentsFintech.release.xcconfig */ = {isa = PBXFileReference; includeInIndex = 1; lastKnownFileType = text.xcconfig; name = "Pods-investmentsFintech.release.xcconfig"; path = "Target Support Files/Pods-investmentsFintech/Pods-investmentsFintech.release.xcconfig"; sourceTree = "<group>"; };
		6925000123FE6E540008292D /* AppDelegate.swift */ = {isa = PBXFileReference; lastKnownFileType = sourcecode.swift; path = AppDelegate.swift; sourceTree = "<group>"; };
		6925000323FE6E540008292D /* SceneDelegate.swift */ = {isa = PBXFileReference; lastKnownFileType = sourcecode.swift; path = SceneDelegate.swift; sourceTree = "<group>"; };
		6925000523FE6E540008292D /* ViewController.swift */ = {isa = PBXFileReference; lastKnownFileType = sourcecode.swift; path = ViewController.swift; sourceTree = "<group>"; };
		6925000823FE6E540008292D /* Base */ = {isa = PBXFileReference; lastKnownFileType = file.storyboard; name = Base; path = Base.lproj/Main.storyboard; sourceTree = "<group>"; };
		6925000A23FE6E580008292D /* Assets.xcassets */ = {isa = PBXFileReference; lastKnownFileType = folder.assetcatalog; path = Assets.xcassets; sourceTree = "<group>"; };
		6925000D23FE6E580008292D /* Base */ = {isa = PBXFileReference; lastKnownFileType = file.storyboard; name = Base; path = Base.lproj/LaunchScreen.storyboard; sourceTree = "<group>"; };
		6925000F23FE6E580008292D /* Info.plist */ = {isa = PBXFileReference; lastKnownFileType = text.plist.xml; path = Info.plist; sourceTree = "<group>"; };
		6925001423FE6E590008292D /* investmentsFintechTests.xctest */ = {isa = PBXFileReference; explicitFileType = wrapper.cfbundle; includeInIndex = 0; path = investmentsFintechTests.xctest; sourceTree = BUILT_PRODUCTS_DIR; };
		6925001823FE6E590008292D /* investmentsFintechTests.swift */ = {isa = PBXFileReference; lastKnownFileType = sourcecode.swift; path = investmentsFintechTests.swift; sourceTree = "<group>"; };
		6925001A23FE6E590008292D /* Info.plist */ = {isa = PBXFileReference; lastKnownFileType = text.plist.xml; path = Info.plist; sourceTree = "<group>"; };
		6925002323FE6FF50008292D /* Rswift.framework */ = {isa = PBXFileReference; explicitFileType = wrapper.framework; path = Rswift.framework; sourceTree = BUILT_PRODUCTS_DIR; };
		6925FFFE23FE6E540008292D /* investmentsFintech.app */ = {isa = PBXFileReference; explicitFileType = wrapper.application; includeInIndex = 0; path = investmentsFintech.app; sourceTree = BUILT_PRODUCTS_DIR; };
		704DEE55AFDEB99A80A0E8EA /* Pods-investmentsFintechTests.debug.xcconfig */ = {isa = PBXFileReference; includeInIndex = 1; lastKnownFileType = text.xcconfig; name = "Pods-investmentsFintechTests.debug.xcconfig"; path = "Target Support Files/Pods-investmentsFintechTests/Pods-investmentsFintechTests.debug.xcconfig"; sourceTree = "<group>"; };
		9F35C4E14732C532FEDF46D1 /* Pods_investmentsFintech.framework */ = {isa = PBXFileReference; explicitFileType = wrapper.framework; includeInIndex = 0; path = Pods_investmentsFintech.framework; sourceTree = BUILT_PRODUCTS_DIR; };
		A8F4935C1109028ACDE2FCB4 /* Pods-investmentsFintech.debug.xcconfig */ = {isa = PBXFileReference; includeInIndex = 1; lastKnownFileType = text.xcconfig; name = "Pods-investmentsFintech.debug.xcconfig"; path = "Target Support Files/Pods-investmentsFintech/Pods-investmentsFintech.debug.xcconfig"; sourceTree = "<group>"; };
		C7194F03D33D5A9CB2B7AEDE /* Pods_investmentsFintechTests.framework */ = {isa = PBXFileReference; explicitFileType = wrapper.framework; includeInIndex = 0; path = Pods_investmentsFintechTests.framework; sourceTree = BUILT_PRODUCTS_DIR; };
/* End PBXFileReference section */

/* Begin PBXFrameworksBuildPhase section */
		6925001123FE6E590008292D /* Frameworks */ = {
			isa = PBXFrameworksBuildPhase;
			buildActionMask = 2147483647;
			files = (
				25B418C403990460636E9969 /* Pods_investmentsFintechTests.framework in Frameworks */,
			);
			runOnlyForDeploymentPostprocessing = 0;
		};
		6925FFFB23FE6E540008292D /* Frameworks */ = {
			isa = PBXFrameworksBuildPhase;
			buildActionMask = 2147483647;
			files = (
				8D25D217CFAAB0652EC4817B /* Pods_investmentsFintech.framework in Frameworks */,
				6925002423FE6FF50008292D /* Rswift.framework in Frameworks */,
			);
			runOnlyForDeploymentPostprocessing = 0;
		};
/* End PBXFrameworksBuildPhase section */

/* Begin PBXGroup section */
		378233D4B76C3803108A9C3D /* Pods */ = {
			isa = PBXGroup;
			children = (
				A8F4935C1109028ACDE2FCB4 /* Pods-investmentsFintech.debug.xcconfig */,
				565D55E8AC8AD73B22159597 /* Pods-investmentsFintech.release.xcconfig */,
				704DEE55AFDEB99A80A0E8EA /* Pods-investmentsFintechTests.debug.xcconfig */,
				41B7BC26F55DA41C7819CB65 /* Pods-investmentsFintechTests.release.xcconfig */,
			);
			path = Pods;
			sourceTree = "<group>";
		};
		6925000023FE6E540008292D /* investmentsFintech */ = {
			isa = PBXGroup;
			children = (
				6925000123FE6E540008292D /* AppDelegate.swift */,
				6925000323FE6E540008292D /* SceneDelegate.swift */,
				6925000523FE6E540008292D /* ViewController.swift */,
				6925000723FE6E540008292D /* Main.storyboard */,
				6925000A23FE6E580008292D /* Assets.xcassets */,
				6925000C23FE6E580008292D /* LaunchScreen.storyboard */,
				6925000F23FE6E580008292D /* Info.plist */,
			);
			path = investmentsFintech;
			sourceTree = "<group>";
		};
		6925001723FE6E590008292D /* investmentsFintechTests */ = {
			isa = PBXGroup;
			children = (
				6925001823FE6E590008292D /* investmentsFintechTests.swift */,
				6925001A23FE6E590008292D /* Info.plist */,
			);
			path = investmentsFintechTests;
			sourceTree = "<group>";
		};
		6925FFF523FE6E540008292D = {
			isa = PBXGroup;
			children = (
				6925000023FE6E540008292D /* investmentsFintech */,
				6925001723FE6E590008292D /* investmentsFintechTests */,
				6925FFFF23FE6E540008292D /* Products */,
				378233D4B76C3803108A9C3D /* Pods */,
				F7232AD2E69041E4EEFFBCD7 /* Frameworks */,
			);
			sourceTree = "<group>";
		};
		6925FFFF23FE6E540008292D /* Products */ = {
			isa = PBXGroup;
			children = (
				6925FFFE23FE6E540008292D /* investmentsFintech.app */,
				6925001423FE6E590008292D /* investmentsFintechTests.xctest */,
			);
			name = Products;
			sourceTree = "<group>";
		};
		F7232AD2E69041E4EEFFBCD7 /* Frameworks */ = {
			isa = PBXGroup;
			children = (
				6925002323FE6FF50008292D /* Rswift.framework */,
				9F35C4E14732C532FEDF46D1 /* Pods_investmentsFintech.framework */,
				C7194F03D33D5A9CB2B7AEDE /* Pods_investmentsFintechTests.framework */,
			);
			name = Frameworks;
			sourceTree = "<group>";
		};
/* End PBXGroup section */

/* Begin PBXNativeTarget section */
		6925001323FE6E590008292D /* investmentsFintechTests */ = {
			isa = PBXNativeTarget;
			buildConfigurationList = 6925002023FE6E590008292D /* Build configuration list for PBXNativeTarget "investmentsFintechTests" */;
			buildPhases = (
				DBDD0AE4B31FB7E1AEAE232F /* [CP] Check Pods Manifest.lock */,
				6925001023FE6E590008292D /* Sources */,
				6925001123FE6E590008292D /* Frameworks */,
				6925001223FE6E590008292D /* Resources */,
			);
			buildRules = (
			);
			dependencies = (
				6925001623FE6E590008292D /* PBXTargetDependency */,
			);
			name = investmentsFintechTests;
			productName = investmentsFintechTests;
			productReference = 6925001423FE6E590008292D /* investmentsFintechTests.xctest */;
			productType = "com.apple.product-type.bundle.unit-test";
		};
		6925FFFD23FE6E540008292D /* investmentsFintech */ = {
			isa = PBXNativeTarget;
			buildConfigurationList = 6925001D23FE6E590008292D /* Build configuration list for PBXNativeTarget "investmentsFintech" */;
			buildPhases = (
				F29410D0BA9CC7A9B1BE625E /* [CP] Check Pods Manifest.lock */,
				6925FFFA23FE6E540008292D /* Sources */,
				6925FFFB23FE6E540008292D /* Frameworks */,
				6925FFFC23FE6E540008292D /* Resources */,
				0AB27A9FFFE6602B590D5F23 /* [CP] Embed Pods Frameworks */,
				6925002623FE6FF60008292D /* Embed Frameworks */,
			);
			buildRules = (
			);
			dependencies = (
			);
			name = investmentsFintech;
			productName = investmentsFintech;
			productReference = 6925FFFE23FE6E540008292D /* investmentsFintech.app */;
			productType = "com.apple.product-type.application";
		};
/* End PBXNativeTarget section */

/* Begin PBXProject section */
		6925FFF623FE6E540008292D /* Project object */ = {
			isa = PBXProject;
			attributes = {
				LastSwiftUpdateCheck = 1130;
				LastUpgradeCheck = 1130;
				ORGANIZATIONNAME = "Алексей";
				TargetAttributes = {
					6925001323FE6E590008292D = {
						CreatedOnToolsVersion = 11.3.1;
						TestTargetID = 6925FFFD23FE6E540008292D;
					};
					6925FFFD23FE6E540008292D = {
						CreatedOnToolsVersion = 11.3.1;
					};
				};
			};
			buildConfigurationList = 6925FFF923FE6E540008292D /* Build configuration list for PBXProject "investmentsFintech" */;
			compatibilityVersion = "Xcode 9.3";
			developmentRegion = en;
			hasScannedForEncodings = 0;
			knownRegions = (
				en,
				Base,
			);
			mainGroup = 6925FFF523FE6E540008292D;
			productRefGroup = 6925FFFF23FE6E540008292D /* Products */;
			projectDirPath = "";
			projectRoot = "";
			targets = (
				6925FFFD23FE6E540008292D /* investmentsFintech */,
				6925001323FE6E590008292D /* investmentsFintechTests */,
			);
		};
/* End PBXProject section */

/* Begin PBXResourcesBuildPhase section */
		6925001223FE6E590008292D /* Resources */ = {
			isa = PBXResourcesBuildPhase;
			buildActionMask = 2147483647;
			files = (
			);
			runOnlyForDeploymentPostprocessing = 0;
		};
		6925FFFC23FE6E540008292D /* Resources */ = {
			isa = PBXResourcesBuildPhase;
			buildActionMask = 2147483647;
			files = (
				6925000E23FE6E580008292D /* LaunchScreen.storyboard in Resources */,
				6925000B23FE6E580008292D /* Assets.xcassets in Resources */,
				6925000923FE6E540008292D /* Main.storyboard in Resources */,
			);
			runOnlyForDeploymentPostprocessing = 0;
		};
/* End PBXResourcesBuildPhase section */

/* Begin PBXShellScriptBuildPhase section */
		0AB27A9FFFE6602B590D5F23 /* [CP] Embed Pods Frameworks */ = {
			isa = PBXShellScriptBuildPhase;
			buildActionMask = 2147483647;
			files = (
			);
			inputFileListPaths = (
				"${PODS_ROOT}/Target Support Files/Pods-investmentsFintech/Pods-investmentsFintech-frameworks-${CONFIGURATION}-input-files.xcfilelist",
			);
			name = "[CP] Embed Pods Frameworks";
			outputFileListPaths = (
				"${PODS_ROOT}/Target Support Files/Pods-investmentsFintech/Pods-investmentsFintech-frameworks-${CONFIGURATION}-output-files.xcfilelist",
			);
			runOnlyForDeploymentPostprocessing = 0;
			shellPath = /bin/sh;
			shellScript = "\"${PODS_ROOT}/Target Support Files/Pods-investmentsFintech/Pods-investmentsFintech-frameworks.sh\"\n";
			showEnvVarsInLog = 0;
		};
		DBDD0AE4B31FB7E1AEAE232F /* [CP] Check Pods Manifest.lock */ = {
			isa = PBXShellScriptBuildPhase;
			buildActionMask = 2147483647;
			files = (
			);
			inputFileListPaths = (
			);
			inputPaths = (
				"${PODS_PODFILE_DIR_PATH}/Podfile.lock",
				"${PODS_ROOT}/Manifest.lock",
			);
			name = "[CP] Check Pods Manifest.lock";
			outputFileListPaths = (
			);
			outputPaths = (
				"$(DERIVED_FILE_DIR)/Pods-investmentsFintechTests-checkManifestLockResult.txt",
			);
			runOnlyForDeploymentPostprocessing = 0;
			shellPath = /bin/sh;
			shellScript = "diff \"${PODS_PODFILE_DIR_PATH}/Podfile.lock\" \"${PODS_ROOT}/Manifest.lock\" > /dev/null\nif [ $? != 0 ] ; then\n    # print error to STDERR\n    echo \"error: The sandbox is not in sync with the Podfile.lock. Run 'pod install' or update your CocoaPods installation.\" >&2\n    exit 1\nfi\n# This output is used by Xcode 'outputs' to avoid re-running this script phase.\necho \"SUCCESS\" > \"${SCRIPT_OUTPUT_FILE_0}\"\n";
			showEnvVarsInLog = 0;
		};
		F29410D0BA9CC7A9B1BE625E /* [CP] Check Pods Manifest.lock */ = {
			isa = PBXShellScriptBuildPhase;
			buildActionMask = 2147483647;
			files = (
			);
			inputFileListPaths = (
			);
			inputPaths = (
				"${PODS_PODFILE_DIR_PATH}/Podfile.lock",
				"${PODS_ROOT}/Manifest.lock",
			);
			name = "[CP] Check Pods Manifest.lock";
			outputFileListPaths = (
			);
			outputPaths = (
				"$(DERIVED_FILE_DIR)/Pods-investmentsFintech-checkManifestLockResult.txt",
			);
			runOnlyForDeploymentPostprocessing = 0;
			shellPath = /bin/sh;
			shellScript = "diff \"${PODS_PODFILE_DIR_PATH}/Podfile.lock\" \"${PODS_ROOT}/Manifest.lock\" > /dev/null\nif [ $? != 0 ] ; then\n    # print error to STDERR\n    echo \"error: The sandbox is not in sync with the Podfile.lock. Run 'pod install' or update your CocoaPods installation.\" >&2\n    exit 1\nfi\n# This output is used by Xcode 'outputs' to avoid re-running this script phase.\necho \"SUCCESS\" > \"${SCRIPT_OUTPUT_FILE_0}\"\n";
			showEnvVarsInLog = 0;
		};
/* End PBXShellScriptBuildPhase section */

/* Begin PBXSourcesBuildPhase section */
		6925001023FE6E590008292D /* Sources */ = {
			isa = PBXSourcesBuildPhase;
			buildActionMask = 2147483647;
			files = (
				6925001923FE6E590008292D /* investmentsFintechTests.swift in Sources */,
			);
			runOnlyForDeploymentPostprocessing = 0;
		};
		6925FFFA23FE6E540008292D /* Sources */ = {
			isa = PBXSourcesBuildPhase;
			buildActionMask = 2147483647;
			files = (
				6925000623FE6E540008292D /* ViewController.swift in Sources */,
				6925000223FE6E540008292D /* AppDelegate.swift in Sources */,
				6925000423FE6E540008292D /* SceneDelegate.swift in Sources */,
			);
			runOnlyForDeploymentPostprocessing = 0;
		};
/* End PBXSourcesBuildPhase section */

/* Begin PBXTargetDependency section */
		6925001623FE6E590008292D /* PBXTargetDependency */ = {
			isa = PBXTargetDependency;
			target = 6925FFFD23FE6E540008292D /* investmentsFintech */;
			targetProxy = 6925001523FE6E590008292D /* PBXContainerItemProxy */;
		};
/* End PBXTargetDependency section */

/* Begin PBXVariantGroup section */
		6925000723FE6E540008292D /* Main.storyboard */ = {
			isa = PBXVariantGroup;
			children = (
				6925000823FE6E540008292D /* Base */,
			);
			name = Main.storyboard;
			sourceTree = "<group>";
		};
		6925000C23FE6E580008292D /* LaunchScreen.storyboard */ = {
			isa = PBXVariantGroup;
			children = (
				6925000D23FE6E580008292D /* Base */,
			);
			name = LaunchScreen.storyboard;
			sourceTree = "<group>";
		};
/* End PBXVariantGroup section */

/* Begin XCBuildConfiguration section */
		6925001B23FE6E590008292D /* Debug */ = {
			isa = XCBuildConfiguration;
			buildSettings = {
				ALWAYS_SEARCH_USER_PATHS = NO;
				CLANG_ANALYZER_NONNULL = YES;
				CLANG_ANALYZER_NUMBER_OBJECT_CONVERSION = YES_AGGRESSIVE;
				CLANG_CXX_LANGUAGE_STANDARD = "gnu++14";
				CLANG_CXX_LIBRARY = "libc++";
				CLANG_ENABLE_MODULES = YES;
				CLANG_ENABLE_OBJC_ARC = YES;
				CLANG_ENABLE_OBJC_WEAK = YES;
				CLANG_WARN_BLOCK_CAPTURE_AUTORELEASING = YES;
				CLANG_WARN_BOOL_CONVERSION = YES;
				CLANG_WARN_COMMA = YES;
				CLANG_WARN_CONSTANT_CONVERSION = YES;
				CLANG_WARN_DEPRECATED_OBJC_IMPLEMENTATIONS = YES;
				CLANG_WARN_DIRECT_OBJC_ISA_USAGE = YES_ERROR;
				CLANG_WARN_DOCUMENTATION_COMMENTS = YES;
				CLANG_WARN_EMPTY_BODY = YES;
				CLANG_WARN_ENUM_CONVERSION = YES;
				CLANG_WARN_INFINITE_RECURSION = YES;
				CLANG_WARN_INT_CONVERSION = YES;
				CLANG_WARN_NON_LITERAL_NULL_CONVERSION = YES;
				CLANG_WARN_OBJC_IMPLICIT_RETAIN_SELF = YES;
				CLANG_WARN_OBJC_LITERAL_CONVERSION = YES;
				CLANG_WARN_OBJC_ROOT_CLASS = YES_ERROR;
				CLANG_WARN_RANGE_LOOP_ANALYSIS = YES;
				CLANG_WARN_STRICT_PROTOTYPES = YES;
				CLANG_WARN_SUSPICIOUS_MOVE = YES;
				CLANG_WARN_UNGUARDED_AVAILABILITY = YES_AGGRESSIVE;
				CLANG_WARN_UNREACHABLE_CODE = YES;
				CLANG_WARN__DUPLICATE_METHOD_MATCH = YES;
				COPY_PHASE_STRIP = NO;
				DEBUG_INFORMATION_FORMAT = dwarf;
				ENABLE_STRICT_OBJC_MSGSEND = YES;
				ENABLE_TESTABILITY = YES;
				GCC_C_LANGUAGE_STANDARD = gnu11;
				GCC_DYNAMIC_NO_PIC = NO;
				GCC_NO_COMMON_BLOCKS = YES;
				GCC_OPTIMIZATION_LEVEL = 0;
				GCC_PREPROCESSOR_DEFINITIONS = (
					"DEBUG=1",
					"$(inherited)",
				);
				GCC_WARN_64_TO_32_BIT_CONVERSION = YES;
				GCC_WARN_ABOUT_RETURN_TYPE = YES_ERROR;
				GCC_WARN_UNDECLARED_SELECTOR = YES;
				GCC_WARN_UNINITIALIZED_AUTOS = YES_AGGRESSIVE;
				GCC_WARN_UNUSED_FUNCTION = YES;
				GCC_WARN_UNUSED_VARIABLE = YES;
				IPHONEOS_DEPLOYMENT_TARGET = 13.2;
				MTL_ENABLE_DEBUG_INFO = INCLUDE_SOURCE;
				MTL_FAST_MATH = YES;
				ONLY_ACTIVE_ARCH = YES;
				SDKROOT = iphoneos;
				SWIFT_ACTIVE_COMPILATION_CONDITIONS = DEBUG;
				SWIFT_OPTIMIZATION_LEVEL = "-Onone";
			};
			name = Debug;
		};
		6925001C23FE6E590008292D /* Release */ = {
			isa = XCBuildConfiguration;
			buildSettings = {
				ALWAYS_SEARCH_USER_PATHS = NO;
				CLANG_ANALYZER_NONNULL = YES;
				CLANG_ANALYZER_NUMBER_OBJECT_CONVERSION = YES_AGGRESSIVE;
				CLANG_CXX_LANGUAGE_STANDARD = "gnu++14";
				CLANG_CXX_LIBRARY = "libc++";
				CLANG_ENABLE_MODULES = YES;
				CLANG_ENABLE_OBJC_ARC = YES;
				CLANG_ENABLE_OBJC_WEAK = YES;
				CLANG_WARN_BLOCK_CAPTURE_AUTORELEASING = YES;
				CLANG_WARN_BOOL_CONVERSION = YES;
				CLANG_WARN_COMMA = YES;
				CLANG_WARN_CONSTANT_CONVERSION = YES;
				CLANG_WARN_DEPRECATED_OBJC_IMPLEMENTATIONS = YES;
				CLANG_WARN_DIRECT_OBJC_ISA_USAGE = YES_ERROR;
				CLANG_WARN_DOCUMENTATION_COMMENTS = YES;
				CLANG_WARN_EMPTY_BODY = YES;
				CLANG_WARN_ENUM_CONVERSION = YES;
				CLANG_WARN_INFINITE_RECURSION = YES;
				CLANG_WARN_INT_CONVERSION = YES;
				CLANG_WARN_NON_LITERAL_NULL_CONVERSION = YES;
				CLANG_WARN_OBJC_IMPLICIT_RETAIN_SELF = YES;
				CLANG_WARN_OBJC_LITERAL_CONVERSION = YES;
				CLANG_WARN_OBJC_ROOT_CLASS = YES_ERROR;
				CLANG_WARN_RANGE_LOOP_ANALYSIS = YES;
				CLANG_WARN_STRICT_PROTOTYPES = YES;
				CLANG_WARN_SUSPICIOUS_MOVE = YES;
				CLANG_WARN_UNGUARDED_AVAILABILITY = YES_AGGRESSIVE;
				CLANG_WARN_UNREACHABLE_CODE = YES;
				CLANG_WARN__DUPLICATE_METHOD_MATCH = YES;
				COPY_PHASE_STRIP = NO;
				DEBUG_INFORMATION_FORMAT = "dwarf-with-dsym";
				ENABLE_NS_ASSERTIONS = NO;
				ENABLE_STRICT_OBJC_MSGSEND = YES;
				GCC_C_LANGUAGE_STANDARD = gnu11;
				GCC_NO_COMMON_BLOCKS = YES;
				GCC_WARN_64_TO_32_BIT_CONVERSION = YES;
				GCC_WARN_ABOUT_RETURN_TYPE = YES_ERROR;
				GCC_WARN_UNDECLARED_SELECTOR = YES;
				GCC_WARN_UNINITIALIZED_AUTOS = YES_AGGRESSIVE;
				GCC_WARN_UNUSED_FUNCTION = YES;
				GCC_WARN_UNUSED_VARIABLE = YES;
				IPHONEOS_DEPLOYMENT_TARGET = 13.2;
				MTL_ENABLE_DEBUG_INFO = NO;
				MTL_FAST_MATH = YES;
				SDKROOT = iphoneos;
				SWIFT_COMPILATION_MODE = wholemodule;
				SWIFT_OPTIMIZATION_LEVEL = "-O";
				VALIDATE_PRODUCT = YES;
			};
			name = Release;
		};
		6925001E23FE6E590008292D /* Debug */ = {
			isa = XCBuildConfiguration;
			baseConfigurationReference = A8F4935C1109028ACDE2FCB4 /* Pods-investmentsFintech.debug.xcconfig */;
			buildSettings = {
				ASSETCATALOG_COMPILER_APPICON_NAME = AppIcon;
				CODE_SIGN_STYLE = Automatic;
				INFOPLIST_FILE = investmentsFintech/Info.plist;
				LD_RUNPATH_SEARCH_PATHS = (
					"$(inherited)",
					"@executable_path/Frameworks",
				);
				PRODUCT_BUNDLE_IDENTIFIER = "-7.investmentsFintech";
				PRODUCT_NAME = "$(TARGET_NAME)";
				SWIFT_VERSION = 5.0;
				TARGETED_DEVICE_FAMILY = "1,2";
			};
			name = Debug;
		};
		6925001F23FE6E590008292D /* Release */ = {
			isa = XCBuildConfiguration;
			baseConfigurationReference = 565D55E8AC8AD73B22159597 /* Pods-investmentsFintech.release.xcconfig */;
			buildSettings = {
				ASSETCATALOG_COMPILER_APPICON_NAME = AppIcon;
				CODE_SIGN_STYLE = Automatic;
				INFOPLIST_FILE = investmentsFintech/Info.plist;
				LD_RUNPATH_SEARCH_PATHS = (
					"$(inherited)",
					"@executable_path/Frameworks",
				);
				PRODUCT_BUNDLE_IDENTIFIER = "-7.investmentsFintech";
				PRODUCT_NAME = "$(TARGET_NAME)";
				SWIFT_VERSION = 5.0;
				TARGETED_DEVICE_FAMILY = "1,2";
			};
			name = Release;
		};
		6925002123FE6E590008292D /* Debug */ = {
			isa = XCBuildConfiguration;
			baseConfigurationReference = 704DEE55AFDEB99A80A0E8EA /* Pods-investmentsFintechTests.debug.xcconfig */;
			buildSettings = {
				ALWAYS_EMBED_SWIFT_STANDARD_LIBRARIES = YES;
				BUNDLE_LOADER = "$(TEST_HOST)";
				CODE_SIGN_STYLE = Automatic;
				INFOPLIST_FILE = investmentsFintechTests/Info.plist;
				IPHONEOS_DEPLOYMENT_TARGET = 13.2;
				LD_RUNPATH_SEARCH_PATHS = (
					"$(inherited)",
					"@executable_path/Frameworks",
					"@loader_path/Frameworks",
				);
				PRODUCT_BUNDLE_IDENTIFIER = "-7.investmentsFintechTests";
				PRODUCT_NAME = "$(TARGET_NAME)";
				SWIFT_VERSION = 5.0;
				TARGETED_DEVICE_FAMILY = "1,2";
				TEST_HOST = "$(BUILT_PRODUCTS_DIR)/investmentsFintech.app/investmentsFintech";
			};
			name = Debug;
		};
		6925002223FE6E590008292D /* Release */ = {
			isa = XCBuildConfiguration;
			baseConfigurationReference = 41B7BC26F55DA41C7819CB65 /* Pods-investmentsFintechTests.release.xcconfig */;
			buildSettings = {
				ALWAYS_EMBED_SWIFT_STANDARD_LIBRARIES = YES;
				BUNDLE_LOADER = "$(TEST_HOST)";
				CODE_SIGN_STYLE = Automatic;
				INFOPLIST_FILE = investmentsFintechTests/Info.plist;
				IPHONEOS_DEPLOYMENT_TARGET = 13.2;
				LD_RUNPATH_SEARCH_PATHS = (
					"$(inherited)",
					"@executable_path/Frameworks",
					"@loader_path/Frameworks",
				);
				PRODUCT_BUNDLE_IDENTIFIER = "-7.investmentsFintechTests";
				PRODUCT_NAME = "$(TARGET_NAME)";
				SWIFT_VERSION = 5.0;
				TARGETED_DEVICE_FAMILY = "1,2";
				TEST_HOST = "$(BUILT_PRODUCTS_DIR)/investmentsFintech.app/investmentsFintech";
			};
			name = Release;
		};
/* End XCBuildConfiguration section */

/* Begin XCConfigurationList section */
		6925001D23FE6E590008292D /* Build configuration list for PBXNativeTarget "investmentsFintech" */ = {
			isa = XCConfigurationList;
			buildConfigurations = (
				6925001E23FE6E590008292D /* Debug */,
				6925001F23FE6E590008292D /* Release */,
			);
			defaultConfigurationIsVisible = 0;
			defaultConfigurationName = Release;
		};
		6925002023FE6E590008292D /* Build configuration list for PBXNativeTarget "investmentsFintechTests" */ = {
			isa = XCConfigurationList;
			buildConfigurations = (
				6925002123FE6E590008292D /* Debug */,
				6925002223FE6E590008292D /* Release */,
			);
			defaultConfigurationIsVisible = 0;
			defaultConfigurationName = Release;
		};
		6925FFF923FE6E540008292D /* Build configuration list for PBXProject "investmentsFintech" */ = {
			isa = XCConfigurationList;
			buildConfigurations = (
				6925001B23FE6E590008292D /* Debug */,
				6925001C23FE6E590008292D /* Release */,
			);
			defaultConfigurationIsVisible = 0;
			defaultConfigurationName = Release;
		};
/* End XCConfigurationList section */
	};
	rootObject = 6925FFF623FE6E540008292D /* Project object */;
}
